PODS:
  - Charts (3.0.0):
    - Charts/Core (= 3.0.0)
  - Charts/Core (3.0.0)
  - GTProgressBar (0.1.0)
  - RAMAnimatedTabBarController (2.0.13)
  - Spring (1.0.3)

DEPENDENCIES:
  - Charts
  - GTProgressBar
  - RAMAnimatedTabBarController (~> 2.0.13)
  - Spring (from `https://github.com/MengTo/Spring.git`, branch `swift3`)

EXTERNAL SOURCES:
  Spring:
    :branch: swift3
    :git: https://github.com/MengTo/Spring.git

CHECKOUT OPTIONS:
  Spring:
    :commit: 3a9227c6e9157e7b47f5ac1ee5abab2a56b50002
    :git: https://github.com/MengTo/Spring.git

SPEC CHECKSUMS:
  Charts: beb341928d2135613b4325a6c6aff9f2f6de895e
  GTProgressBar: e72edfa42942aa8a19eaedc56b9a9d7ee9240123
  RAMAnimatedTabBarController: 2510f3b66954c3f77ea1042a35d34df8f5f3b604
  Spring: 3f02b5dc3308572ef177b3cad0fa7bbc4b0706f7

PODFILE CHECKSUM: 82b9affffc7b4aed193f245b8a62c9a6cfecd894

COCOAPODS: 1.1.1
